
Microsoft Visual Studio Solution File, Format Version 12.00
# Visual Studio Version 16
VisualStudioVersion = 16.0.34601.136
MinimumVisualStudioVersion = 10.0.40219.1
Project("{FAE04EC0-301F-11D3-BF4B-00C04F79EFBC}") = "thiGK", "thiGK\thiGK.csproj", "{BA6325BB-8539-40E7-B284-C92C42AC4CF7}"
EndProject
Global
	GlobalSection(SolutionConfigurationPlatforms) = preSolution
		Debug|Any CPU = Debug|Any CPU
		Release|Any CPU = Release|Any CPU
	EndGlobalSection
	GlobalSection(ProjectConfigurationPlatforms) = postSolution
		{BA6325BB-8539-40E7-B284-C92C42AC4CF7}.Debug|Any CPU.ActiveCfg = Debug|Any CPU
		{BA6325BB-8539-40E7-B284-C92C42AC4CF7}.Debug|Any CPU.Build.0 = Debug|Any CPU
		{BA6325BB-8539-40E7-B284-C92C42AC4CF7}.Release|Any CPU.ActiveCfg = Release|Any CPU
		{BA6325BB-8539-40E7-B284-C92C42AC4CF7}.Release|Any CPU.Build.0 = Release|Any CPU
	EndGlobalSection
	GlobalSection(SolutionProperties) = preSolution
		HideSolutionNode = FALSE
	EndGlobalSection
	GlobalSection(ExtensibilityGlobals) = postSolution
		SolutionGuid = {C4DD8CF2-FF68-440D-A610-C373E239743A}
	EndGlobalSection
EndGlobal
